
Microsoft Visual Studio Solution File, Format Version 12.00
# Visual Studio Version 16
VisualStudioVersion = 16.0.30907.101
MinimumVisualStudioVersion = 10.0.40219.1
Project("{FAE04EC0-301F-11D3-BF4B-00C04F79EFBC}") = "CalcWPF", "CalcWPF\CalcWPF.csproj", "{1D4B0745-BDA7-44F0-8B8C-B4F491D38682}"
EndProject
Global
	GlobalSection(SolutionConfigurationPlatforms) = preSolution
		Debug|Any CPU = Debug|Any CPU
		Release|Any CPU = Release|Any CPU
	EndGlobalSection
	GlobalSection(ProjectConfigurationPlatforms) = postSolution
		{1D4B0745-BDA7-44F0-8B8C-B4F491D38682}.Debug|Any CPU.ActiveCfg = Debug|Any CPU
		{1D4B0745-BDA7-44F0-8B8C-B4F491D38682}.Debug|Any CPU.Build.0 = Debug|Any CPU
		{1D4B0745-BDA7-44F0-8B8C-B4F491D38682}.Release|Any CPU.ActiveCfg = Release|Any CPU
		{1D4B0745-BDA7-44F0-8B8C-B4F491D38682}.Release|Any CPU.Build.0 = Release|Any CPU
	EndGlobalSection
	GlobalSection(SolutionProperties) = preSolution
		HideSolutionNode = FALSE
	EndGlobalSection
	GlobalSection(ExtensibilityGlobals) = postSolution
		SolutionGuid = {FFC3208D-46AD-446B-8065-99DC7E79401B}
	EndGlobalSection
EndGlobal
